
Microsoft Visual Studio Solution File, Format Version 12.00
# Visual Studio Version 17
VisualStudioVersion = 17.4.33213.308
MinimumVisualStudioVersion = 10.0.40219.1
Project("{9A19103F-16F7-4668-BE54-9A1E7A4F7556}") = "Fase 3 - Banco de dados", "Fase3\Fase 3 - Banco de dados.csproj", "{D128DC6F-8BAF-40B8-BF19-02C4B8B4DCD8}"
EndProject
Global
	GlobalSection(SolutionConfigurationPlatforms) = preSolution
		Debug|Any CPU = Debug|Any CPU
		Release|Any CPU = Release|Any CPU
	EndGlobalSection
	GlobalSection(ProjectConfigurationPlatforms) = postSolution
		{D128DC6F-8BAF-40B8-BF19-02C4B8B4DCD8}.Debug|Any CPU.ActiveCfg = Debug|Any CPU
		{D128DC6F-8BAF-40B8-BF19-02C4B8B4DCD8}.Debug|Any CPU.Build.0 = Debug|Any CPU
		{D128DC6F-8BAF-40B8-BF19-02C4B8B4DCD8}.Release|Any CPU.ActiveCfg = Release|Any CPU
		{D128DC6F-8BAF-40B8-BF19-02C4B8B4DCD8}.Release|Any CPU.Build.0 = Release|Any CPU
	EndGlobalSection
	GlobalSection(SolutionProperties) = preSolution
		HideSolutionNode = FALSE
	EndGlobalSection
	GlobalSection(ExtensibilityGlobals) = postSolution
		SolutionGuid = {68AEA4EA-B8B1-4D34-B150-F12FC07E82AB}
	EndGlobalSection
EndGlobal
